{
    "_meta": {
        "hash": {
            "sha256": "c774a38f8339b4665e2370bba45a13a09de30632a6228dc92b92dc977c8f0278"
        },
        "pipfile-spec": 6,
        "requires": {
            "python_version": "3.9"
        },
        "sources": [
            {
                "name": "pypi",
                "url": "https://pypi.python.org/simple",
                "verify_ssl": true
            },
            {
                "name": "downloadpytorch",
                "url": "https://download.pytorch.org/whl/cu113/",
                "verify_ssl": true
            }
        ]
    },
    "default": {
        "torch": {
            "index": "downloadpytorch",
            "version": "==1.11.0+cu113"
        }
    },
    "develop": {}
}
