{
    "_meta": {
        "hash": {
            "sha256": "be2d2431d519735fc940e46f325824048ca0ed7c4a3b12de0eee14b85b8f77e3"
        },
        "pipfile-spec": 6,
        "requires": {
            "python_version": "3.9"
        },
        "sources": [
            {
                "name": "pypi",
                "url": "https://pypi.python.org/simple",
                "verify_ssl": true
            },
            {
                "name": "downloadpytorch",
                "url": "https://download.pytorch.org/whl/cu113/",
                "verify_ssl": true
            }
        ]
    },
    "default": {
        "torch": {
            "index": "downloadpytorch",
            "version": "==1.11.0+cu113"
        }
    },
    "develop": {}
}
