{
    "_meta": {
        "hash": {
            "sha256": "35815a72b14cffc300ac41e6d1ab9f3645688265d5a9bce3e38a88c619cc7791"
        },
        "pipfile-spec": 6,
        "requires": {
            "python_version": "3.9"
        },
        "sources": [
            {
                "name": "pypi",
                "url": "https://pypi.python.org/simple",
                "verify_ssl": true
            },
            {
                "name": "downloadpytorch",
                "url": "https://download.pytorch.org/whl/cu113/",
                "verify_ssl": true
            }
        ]
    },
    "default": {
        "torch": {
            "index": "downloadpytorch",
            "version": "==1.11.0+cu113"
        }
    },
    "develop": {}
}
